
Microsoft Visual Studio Solution File, Format Version 12.00
# Visual Studio Version 17
VisualStudioVersion = 17.0.31903.59
MinimumVisualStudioVersion = 10.0.40219.1
Project("{2150E333-8FDC-42A3-9474-1A3956D46DE8}") = "src", "src", "{A4DCB38F-2712-4BE8-B9B4-C1D8E289EA0C}"
EndProject
Project("{FAE04EC0-301F-11D3-BF4B-00C04F79EFBC}") = "Move.Orders.Core", "src\Move.Orders.Core\Move.Orders.Core.csproj", "{FA53515E-34E3-42A8-928A-16B9FEA1CB67}"
EndProject
Project("{FAE04EC0-301F-11D3-BF4B-00C04F79EFBC}") = "Move.Orders.Application", "src\Move.Orders.Application\Move.Orders.Application.csproj", "{5AB0AEAE-31C4-449A-BE15-2455AC8394BE}"
EndProject
Project("{FAE04EC0-301F-11D3-BF4B-00C04F79EFBC}") = "Move.Orders.Infrastructure", "src\Move.Orders.Infrastructure\Move.Orders.Infrastructure.csproj", "{3A4D6A05-F14E-4394-8205-74FD9367F9D6}"
EndProject
Project("{FAE04EC0-301F-11D3-BF4B-00C04F79EFBC}") = "Move.Orders.Api", "src\Move.Orders.Api\Move.Orders.Api.csproj", "{A292BC54-16F7-46D1-87A9-E61290418F2B}"
EndProject
Global
	GlobalSection(SolutionConfigurationPlatforms) = preSolution
		Debug|Any CPU = Debug|Any CPU
		Release|Any CPU = Release|Any CPU
	EndGlobalSection
	GlobalSection(SolutionProperties) = preSolution
		HideSolutionNode = FALSE
	EndGlobalSection
	GlobalSection(ProjectConfigurationPlatforms) = postSolution
		{FA53515E-34E3-42A8-928A-16B9FEA1CB67}.Debug|Any CPU.ActiveCfg = Debug|Any CPU
		{FA53515E-34E3-42A8-928A-16B9FEA1CB67}.Debug|Any CPU.Build.0 = Debug|Any CPU
		{FA53515E-34E3-42A8-928A-16B9FEA1CB67}.Release|Any CPU.ActiveCfg = Release|Any CPU
		{FA53515E-34E3-42A8-928A-16B9FEA1CB67}.Release|Any CPU.Build.0 = Release|Any CPU
		{5AB0AEAE-31C4-449A-BE15-2455AC8394BE}.Debug|Any CPU.ActiveCfg = Debug|Any CPU
		{5AB0AEAE-31C4-449A-BE15-2455AC8394BE}.Debug|Any CPU.Build.0 = Debug|Any CPU
		{5AB0AEAE-31C4-449A-BE15-2455AC8394BE}.Release|Any CPU.ActiveCfg = Release|Any CPU
		{5AB0AEAE-31C4-449A-BE15-2455AC8394BE}.Release|Any CPU.Build.0 = Release|Any CPU
		{3A4D6A05-F14E-4394-8205-74FD9367F9D6}.Debug|Any CPU.ActiveCfg = Debug|Any CPU
		{3A4D6A05-F14E-4394-8205-74FD9367F9D6}.Debug|Any CPU.Build.0 = Debug|Any CPU
		{3A4D6A05-F14E-4394-8205-74FD9367F9D6}.Release|Any CPU.ActiveCfg = Release|Any CPU
		{3A4D6A05-F14E-4394-8205-74FD9367F9D6}.Release|Any CPU.Build.0 = Release|Any CPU
		{A292BC54-16F7-46D1-87A9-E61290418F2B}.Debug|Any CPU.ActiveCfg = Debug|Any CPU
		{A292BC54-16F7-46D1-87A9-E61290418F2B}.Debug|Any CPU.Build.0 = Debug|Any CPU
		{A292BC54-16F7-46D1-87A9-E61290418F2B}.Release|Any CPU.ActiveCfg = Release|Any CPU
		{A292BC54-16F7-46D1-87A9-E61290418F2B}.Release|Any CPU.Build.0 = Release|Any CPU
	EndGlobalSection
	GlobalSection(NestedProjects) = preSolution
		{FA53515E-34E3-42A8-928A-16B9FEA1CB67} = {A4DCB38F-2712-4BE8-B9B4-C1D8E289EA0C}
		{5AB0AEAE-31C4-449A-BE15-2455AC8394BE} = {A4DCB38F-2712-4BE8-B9B4-C1D8E289EA0C}
		{3A4D6A05-F14E-4394-8205-74FD9367F9D6} = {A4DCB38F-2712-4BE8-B9B4-C1D8E289EA0C}
		{A292BC54-16F7-46D1-87A9-E61290418F2B} = {A4DCB38F-2712-4BE8-B9B4-C1D8E289EA0C}
	EndGlobalSection
EndGlobal
